
Microsoft Visual Studio Solution File, Format Version 12.00
# Visual Studio Version 17
VisualStudioVersion = 17.8.34511.84
MinimumVisualStudioVersion = 10.0.40219.1
Project("{9A19103F-16F7-4668-BE54-9A1E7A4F7556}") = "ShortUrl.Console", "ShortUrl.Console\ShortUrl.Console.csproj", "{7531D733-EB6A-49DC-A0BE-E51B29D7E5EB}"
EndProject
Project("{FAE04EC0-301F-11D3-BF4B-00C04F79EFBC}") = "ShortUrl.Api", "ShortUrl.Api\ShortUrl.Api.csproj", "{09D08ED7-25D1-4D56-838B-A448D85BA8CE}"
EndProject
Project("{FAE04EC0-301F-11D3-BF4B-00C04F79EFBC}") = "ShortUrl.Entities", "ShortUrl.Entities\ShortUrl.Entities.csproj", "{6950468C-7094-4EC2-A245-A24435EA82EA}"
EndProject
Project("{FAE04EC0-301F-11D3-BF4B-00C04F79EFBC}") = "ShortUrl.Repository", "ShortUrl.Repository\ShortUrl.Repository.csproj", "{01CB233E-CDB0-473E-BFE7-D520A127EE45}"
EndProject
Global
	GlobalSection(SolutionConfigurationPlatforms) = preSolution
		Debug|Any CPU = Debug|Any CPU
		Release|Any CPU = Release|Any CPU
	EndGlobalSection
	GlobalSection(ProjectConfigurationPlatforms) = postSolution
		{7531D733-EB6A-49DC-A0BE-E51B29D7E5EB}.Debug|Any CPU.ActiveCfg = Debug|Any CPU
		{7531D733-EB6A-49DC-A0BE-E51B29D7E5EB}.Debug|Any CPU.Build.0 = Debug|Any CPU
		{7531D733-EB6A-49DC-A0BE-E51B29D7E5EB}.Release|Any CPU.ActiveCfg = Release|Any CPU
		{7531D733-EB6A-49DC-A0BE-E51B29D7E5EB}.Release|Any CPU.Build.0 = Release|Any CPU
		{09D08ED7-25D1-4D56-838B-A448D85BA8CE}.Debug|Any CPU.ActiveCfg = Debug|Any CPU
		{09D08ED7-25D1-4D56-838B-A448D85BA8CE}.Debug|Any CPU.Build.0 = Debug|Any CPU
		{09D08ED7-25D1-4D56-838B-A448D85BA8CE}.Release|Any CPU.ActiveCfg = Release|Any CPU
		{09D08ED7-25D1-4D56-838B-A448D85BA8CE}.Release|Any CPU.Build.0 = Release|Any CPU
		{6950468C-7094-4EC2-A245-A24435EA82EA}.Debug|Any CPU.ActiveCfg = Debug|Any CPU
		{6950468C-7094-4EC2-A245-A24435EA82EA}.Debug|Any CPU.Build.0 = Debug|Any CPU
		{6950468C-7094-4EC2-A245-A24435EA82EA}.Release|Any CPU.ActiveCfg = Release|Any CPU
		{6950468C-7094-4EC2-A245-A24435EA82EA}.Release|Any CPU.Build.0 = Release|Any CPU
		{01CB233E-CDB0-473E-BFE7-D520A127EE45}.Debug|Any CPU.ActiveCfg = Debug|Any CPU
		{01CB233E-CDB0-473E-BFE7-D520A127EE45}.Debug|Any CPU.Build.0 = Debug|Any CPU
		{01CB233E-CDB0-473E-BFE7-D520A127EE45}.Release|Any CPU.ActiveCfg = Release|Any CPU
		{01CB233E-CDB0-473E-BFE7-D520A127EE45}.Release|Any CPU.Build.0 = Release|Any CPU
	EndGlobalSection
	GlobalSection(SolutionProperties) = preSolution
		HideSolutionNode = FALSE
	EndGlobalSection
	GlobalSection(ExtensibilityGlobals) = postSolution
		SolutionGuid = {F46FD03C-A2F0-49F6-98F2-C5295E43D0C1}
	EndGlobalSection
EndGlobal
